
Microsoft Visual Studio Solution File, Format Version 12.00
# Visual Studio Version 16
VisualStudioVersion = 16.0.30225.117
MinimumVisualStudioVersion = 10.0.40219.1
Project("{9A19103F-16F7-4668-BE54-9A1E7A4F7556}") = "Pulumi.AzureFunctions", "Pulumi.AzureFunctions.csproj", "{F5D09FB6-A76A-4F89-A5D9-21012295B316}"
EndProject
Global
	GlobalSection(SolutionConfigurationPlatforms) = preSolution
		Debug|Any CPU = Debug|Any CPU
		Release|Any CPU = Release|Any CPU
	EndGlobalSection
	GlobalSection(ProjectConfigurationPlatforms) = postSolution
		{F5D09FB6-A76A-4F89-A5D9-21012295B316}.Debug|Any CPU.ActiveCfg = Debug|Any CPU
		{F5D09FB6-A76A-4F89-A5D9-21012295B316}.Debug|Any CPU.Build.0 = Debug|Any CPU
		{F5D09FB6-A76A-4F89-A5D9-21012295B316}.Release|Any CPU.ActiveCfg = Release|Any CPU
		{F5D09FB6-A76A-4F89-A5D9-21012295B316}.Release|Any CPU.Build.0 = Release|Any CPU
	EndGlobalSection
	GlobalSection(SolutionProperties) = preSolution
		HideSolutionNode = FALSE
	EndGlobalSection
	GlobalSection(ExtensibilityGlobals) = postSolution
		SolutionGuid = {17904B2F-03D8-4629-B080-646C50FDA365}
	EndGlobalSection
EndGlobal
