
Microsoft Visual Studio Solution File, Format Version 12.00
# Visual Studio Version 16
VisualStudioVersion = 16.0.30225.117
MinimumVisualStudioVersion = 10.0.40219.1
Project("{9A19103F-16F7-4668-BE54-9A1E7A4F7556}") = "Scratchpad.NET.Azure.Functions", "Scratchpad.NET.Azure.Functions\Scratchpad.NET.Azure.Functions.csproj", "{F5D09FB6-A76A-4F89-A5D9-21012295B316}"
EndProject
Project("{9A19103F-16F7-4668-BE54-9A1E7A4F7556}") = "Scratchpad.NET.Azure.Functions.Sample", "Scratchpad.NET.Azure.Functions.Sample\Scratchpad.NET.Azure.Functions.Sample.csproj", "{BECD6A5D-B94A-409F-821E-6E04A1435BBE}"
EndProject
Project("{2150E333-8FDC-42A3-9474-1A3956D46DE8}") = "Solution Items", "Solution Items", "{46E3F509-BB51-4A20-842C-145A5B6D82C5}"
	ProjectSection(SolutionItems) = preProject
		.gitignore = .gitignore
	EndProjectSection
EndProject
Global
	GlobalSection(SolutionConfigurationPlatforms) = preSolution
		Debug|Any CPU = Debug|Any CPU
		Release|Any CPU = Release|Any CPU
	EndGlobalSection
	GlobalSection(ProjectConfigurationPlatforms) = postSolution
		{F5D09FB6-A76A-4F89-A5D9-21012295B316}.Debug|Any CPU.ActiveCfg = Debug|Any CPU
		{F5D09FB6-A76A-4F89-A5D9-21012295B316}.Debug|Any CPU.Build.0 = Debug|Any CPU
		{F5D09FB6-A76A-4F89-A5D9-21012295B316}.Release|Any CPU.ActiveCfg = Release|Any CPU
		{F5D09FB6-A76A-4F89-A5D9-21012295B316}.Release|Any CPU.Build.0 = Release|Any CPU
		{BECD6A5D-B94A-409F-821E-6E04A1435BBE}.Debug|Any CPU.ActiveCfg = Debug|Any CPU
		{BECD6A5D-B94A-409F-821E-6E04A1435BBE}.Debug|Any CPU.Build.0 = Debug|Any CPU
		{BECD6A5D-B94A-409F-821E-6E04A1435BBE}.Release|Any CPU.ActiveCfg = Release|Any CPU
		{BECD6A5D-B94A-409F-821E-6E04A1435BBE}.Release|Any CPU.Build.0 = Release|Any CPU
	EndGlobalSection
	GlobalSection(SolutionProperties) = preSolution
		HideSolutionNode = FALSE
	EndGlobalSection
	GlobalSection(ExtensibilityGlobals) = postSolution
		SolutionGuid = {17904B2F-03D8-4629-B080-646C50FDA365}
	EndGlobalSection
EndGlobal
